
Microsoft Visual Studio Solution File, Format Version 12.00
# Visual Studio Version 17
VisualStudioVersion = 17.0.31903.59
MinimumVisualStudioVersion = 10.0.40219.1
Project("{2150E333-8FDC-42A3-9474-1A3956D46DE8}") = "solution_src", "solution_src", "{2AD82D93-A0AD-9950-90DD-65A3A491D7F2}"
EndProject
Project("{2150E333-8FDC-42A3-9474-1A3956D46DE8}") = "core", "core", "{354A7145-8668-DD59-F36D-62B4A72B34C9}"
EndProject
Project("{2150E333-8FDC-42A3-9474-1A3956D46DE8}") = "tests", "tests", "{9B70F642-9E2D-FD5A-1EC5-68B6A6D66730}"
EndProject
Project("{FAE04EC0-301F-11D3-BF4B-00C04F79EFBC}") = "RocketTaskPlanner.Domain", "solution_src\core\RocketTaskPlanner.Domain\RocketTaskPlanner.Domain.csproj", "{6650C358-8F40-4287-826A-D4F818F1DA1D}"
EndProject
Project("{FAE04EC0-301F-11D3-BF4B-00C04F79EFBC}") = "RocketTaskPlanner.Utilities", "solution_src\core\RocketTaskPlanner.Utilities\RocketTaskPlanner.Utilities.csproj", "{5006D525-682A-4FE7-91DD-0082166166FB}"
EndProject
Project("{FAE04EC0-301F-11D3-BF4B-00C04F79EFBC}") = "RocketTaskPlanner.Application", "solution_src\core\RocketTaskPlanner.Application\RocketTaskPlanner.Application.csproj", "{A1ECDFCD-914C-4584-A1F1-63835800E4ED}"
EndProject
Project("{FAE04EC0-301F-11D3-BF4B-00C04F79EFBC}") = "RocketTaskPlanner.Infrastructure", "solution_src\core\RocketTaskPlanner.Infrastructure\RocketTaskPlanner.Infrastructure.csproj", "{B163989C-4FD4-4217-BFBC-3EAF18917A2D}"
EndProject
Project("{FAE04EC0-301F-11D3-BF4B-00C04F79EFBC}") = "RocketTaskPlanner.Presenters", "solution_src\core\RocketTaskPlanner.Presenters\RocketTaskPlanner.Presenters.csproj", "{5F00F10A-8D56-49A1-9E66-339DE2D6E7C3}"
EndProject
Project("{FAE04EC0-301F-11D3-BF4B-00C04F79EFBC}") = "RocketTaskPlanner.Tests", "solution_src\tests\RocketTaskPlanner.Tests\RocketTaskPlanner.Tests.csproj", "{FAF19932-5225-4325-8641-4B6B481CB8CE}"
EndProject
Project("{2150E333-8FDC-42A3-9474-1A3956D46DE8}") = "telegram_bot", "telegram_bot", "{363F4A3F-D937-29FA-E19E-BB459181A6A9}"
EndProject
Project("{FAE04EC0-301F-11D3-BF4B-00C04F79EFBC}") = "RocketTaskPlanner.Telegram", "solution_src\telegram_bot\RocketTaskPlanner.Telegram\RocketTaskPlanner.Telegram.csproj", "{5C30EA30-3FEC-406D-8D9F-C876AC1D610A}"
EndProject
Project("{2150E333-8FDC-42A3-9474-1A3956D46DE8}") = "time_recognition", "time_recognition", "{4A14561B-808F-4E04-A600-40BD9DD78D0B}"
EndProject
Project("{FAE04EC0-301F-11D3-BF4B-00C04F79EFBC}") = "RocketTaskPlanner.TimeRecognitionModule", "solution_src\time_recognition\RocketTaskPlanner.TimeRecognitionModule\RocketTaskPlanner.TimeRecognitionModule.csproj", "{5DA029FF-9961-484B-A7E8-4CC1B8EA51E5}"
EndProject
Global
	GlobalSection(SolutionConfigurationPlatforms) = preSolution
		Debug|Any CPU = Debug|Any CPU
		Debug|x64 = Debug|x64
		Debug|x86 = Debug|x86
		Release|Any CPU = Release|Any CPU
		Release|x64 = Release|x64
		Release|x86 = Release|x86
	EndGlobalSection
	GlobalSection(ProjectConfigurationPlatforms) = postSolution
		{6650C358-8F40-4287-826A-D4F818F1DA1D}.Debug|Any CPU.ActiveCfg = Debug|Any CPU
		{6650C358-8F40-4287-826A-D4F818F1DA1D}.Debug|Any CPU.Build.0 = Debug|Any CPU
		{6650C358-8F40-4287-826A-D4F818F1DA1D}.Debug|x64.ActiveCfg = Debug|Any CPU
		{6650C358-8F40-4287-826A-D4F818F1DA1D}.Debug|x64.Build.0 = Debug|Any CPU
		{6650C358-8F40-4287-826A-D4F818F1DA1D}.Debug|x86.ActiveCfg = Debug|Any CPU
		{6650C358-8F40-4287-826A-D4F818F1DA1D}.Debug|x86.Build.0 = Debug|Any CPU
		{6650C358-8F40-4287-826A-D4F818F1DA1D}.Release|Any CPU.ActiveCfg = Release|Any CPU
		{6650C358-8F40-4287-826A-D4F818F1DA1D}.Release|Any CPU.Build.0 = Release|Any CPU
		{6650C358-8F40-4287-826A-D4F818F1DA1D}.Release|x64.ActiveCfg = Release|Any CPU
		{6650C358-8F40-4287-826A-D4F818F1DA1D}.Release|x64.Build.0 = Release|Any CPU
		{6650C358-8F40-4287-826A-D4F818F1DA1D}.Release|x86.ActiveCfg = Release|Any CPU
		{6650C358-8F40-4287-826A-D4F818F1DA1D}.Release|x86.Build.0 = Release|Any CPU
		{5006D525-682A-4FE7-91DD-0082166166FB}.Debug|Any CPU.ActiveCfg = Debug|Any CPU
		{5006D525-682A-4FE7-91DD-0082166166FB}.Debug|Any CPU.Build.0 = Debug|Any CPU
		{5006D525-682A-4FE7-91DD-0082166166FB}.Debug|x64.ActiveCfg = Debug|Any CPU
		{5006D525-682A-4FE7-91DD-0082166166FB}.Debug|x64.Build.0 = Debug|Any CPU
		{5006D525-682A-4FE7-91DD-0082166166FB}.Debug|x86.ActiveCfg = Debug|Any CPU
		{5006D525-682A-4FE7-91DD-0082166166FB}.Debug|x86.Build.0 = Debug|Any CPU
		{5006D525-682A-4FE7-91DD-0082166166FB}.Release|Any CPU.ActiveCfg = Release|Any CPU
		{5006D525-682A-4FE7-91DD-0082166166FB}.Release|Any CPU.Build.0 = Release|Any CPU
		{5006D525-682A-4FE7-91DD-0082166166FB}.Release|x64.ActiveCfg = Release|Any CPU
		{5006D525-682A-4FE7-91DD-0082166166FB}.Release|x64.Build.0 = Release|Any CPU
		{5006D525-682A-4FE7-91DD-0082166166FB}.Release|x86.ActiveCfg = Release|Any CPU
		{5006D525-682A-4FE7-91DD-0082166166FB}.Release|x86.Build.0 = Release|Any CPU
		{A1ECDFCD-914C-4584-A1F1-63835800E4ED}.Debug|Any CPU.ActiveCfg = Debug|Any CPU
		{A1ECDFCD-914C-4584-A1F1-63835800E4ED}.Debug|Any CPU.Build.0 = Debug|Any CPU
		{A1ECDFCD-914C-4584-A1F1-63835800E4ED}.Debug|x64.ActiveCfg = Debug|Any CPU
		{A1ECDFCD-914C-4584-A1F1-63835800E4ED}.Debug|x64.Build.0 = Debug|Any CPU
		{A1ECDFCD-914C-4584-A1F1-63835800E4ED}.Debug|x86.ActiveCfg = Debug|Any CPU
		{A1ECDFCD-914C-4584-A1F1-63835800E4ED}.Debug|x86.Build.0 = Debug|Any CPU
		{A1ECDFCD-914C-4584-A1F1-63835800E4ED}.Release|Any CPU.ActiveCfg = Release|Any CPU
		{A1ECDFCD-914C-4584-A1F1-63835800E4ED}.Release|Any CPU.Build.0 = Release|Any CPU
		{A1ECDFCD-914C-4584-A1F1-63835800E4ED}.Release|x64.ActiveCfg = Release|Any CPU
		{A1ECDFCD-914C-4584-A1F1-63835800E4ED}.Release|x64.Build.0 = Release|Any CPU
		{A1ECDFCD-914C-4584-A1F1-63835800E4ED}.Release|x86.ActiveCfg = Release|Any CPU
		{A1ECDFCD-914C-4584-A1F1-63835800E4ED}.Release|x86.Build.0 = Release|Any CPU
		{B163989C-4FD4-4217-BFBC-3EAF18917A2D}.Debug|Any CPU.ActiveCfg = Debug|Any CPU
		{B163989C-4FD4-4217-BFBC-3EAF18917A2D}.Debug|Any CPU.Build.0 = Debug|Any CPU
		{B163989C-4FD4-4217-BFBC-3EAF18917A2D}.Debug|x64.ActiveCfg = Debug|Any CPU
		{B163989C-4FD4-4217-BFBC-3EAF18917A2D}.Debug|x64.Build.0 = Debug|Any CPU
		{B163989C-4FD4-4217-BFBC-3EAF18917A2D}.Debug|x86.ActiveCfg = Debug|Any CPU
		{B163989C-4FD4-4217-BFBC-3EAF18917A2D}.Debug|x86.Build.0 = Debug|Any CPU
		{B163989C-4FD4-4217-BFBC-3EAF18917A2D}.Release|Any CPU.ActiveCfg = Release|Any CPU
		{B163989C-4FD4-4217-BFBC-3EAF18917A2D}.Release|Any CPU.Build.0 = Release|Any CPU
		{B163989C-4FD4-4217-BFBC-3EAF18917A2D}.Release|x64.ActiveCfg = Release|Any CPU
		{B163989C-4FD4-4217-BFBC-3EAF18917A2D}.Release|x64.Build.0 = Release|Any CPU
		{B163989C-4FD4-4217-BFBC-3EAF18917A2D}.Release|x86.ActiveCfg = Release|Any CPU
		{B163989C-4FD4-4217-BFBC-3EAF18917A2D}.Release|x86.Build.0 = Release|Any CPU
		{5F00F10A-8D56-49A1-9E66-339DE2D6E7C3}.Debug|Any CPU.ActiveCfg = Debug|Any CPU
		{5F00F10A-8D56-49A1-9E66-339DE2D6E7C3}.Debug|Any CPU.Build.0 = Debug|Any CPU
		{5F00F10A-8D56-49A1-9E66-339DE2D6E7C3}.Debug|x64.ActiveCfg = Debug|Any CPU
		{5F00F10A-8D56-49A1-9E66-339DE2D6E7C3}.Debug|x64.Build.0 = Debug|Any CPU
		{5F00F10A-8D56-49A1-9E66-339DE2D6E7C3}.Debug|x86.ActiveCfg = Debug|Any CPU
		{5F00F10A-8D56-49A1-9E66-339DE2D6E7C3}.Debug|x86.Build.0 = Debug|Any CPU
		{5F00F10A-8D56-49A1-9E66-339DE2D6E7C3}.Release|Any CPU.ActiveCfg = Release|Any CPU
		{5F00F10A-8D56-49A1-9E66-339DE2D6E7C3}.Release|Any CPU.Build.0 = Release|Any CPU
		{5F00F10A-8D56-49A1-9E66-339DE2D6E7C3}.Release|x64.ActiveCfg = Release|Any CPU
		{5F00F10A-8D56-49A1-9E66-339DE2D6E7C3}.Release|x64.Build.0 = Release|Any CPU
		{5F00F10A-8D56-49A1-9E66-339DE2D6E7C3}.Release|x86.ActiveCfg = Release|Any CPU
		{5F00F10A-8D56-49A1-9E66-339DE2D6E7C3}.Release|x86.Build.0 = Release|Any CPU
		{FAF19932-5225-4325-8641-4B6B481CB8CE}.Debug|Any CPU.ActiveCfg = Debug|Any CPU
		{FAF19932-5225-4325-8641-4B6B481CB8CE}.Debug|Any CPU.Build.0 = Debug|Any CPU
		{FAF19932-5225-4325-8641-4B6B481CB8CE}.Debug|x64.ActiveCfg = Debug|Any CPU
		{FAF19932-5225-4325-8641-4B6B481CB8CE}.Debug|x64.Build.0 = Debug|Any CPU
		{FAF19932-5225-4325-8641-4B6B481CB8CE}.Debug|x86.ActiveCfg = Debug|Any CPU
		{FAF19932-5225-4325-8641-4B6B481CB8CE}.Debug|x86.Build.0 = Debug|Any CPU
		{FAF19932-5225-4325-8641-4B6B481CB8CE}.Release|Any CPU.ActiveCfg = Release|Any CPU
		{FAF19932-5225-4325-8641-4B6B481CB8CE}.Release|Any CPU.Build.0 = Release|Any CPU
		{FAF19932-5225-4325-8641-4B6B481CB8CE}.Release|x64.ActiveCfg = Release|Any CPU
		{FAF19932-5225-4325-8641-4B6B481CB8CE}.Release|x64.Build.0 = Release|Any CPU
		{FAF19932-5225-4325-8641-4B6B481CB8CE}.Release|x86.ActiveCfg = Release|Any CPU
		{FAF19932-5225-4325-8641-4B6B481CB8CE}.Release|x86.Build.0 = Release|Any CPU
		{5C30EA30-3FEC-406D-8D9F-C876AC1D610A}.Debug|Any CPU.ActiveCfg = Debug|Any CPU
		{5C30EA30-3FEC-406D-8D9F-C876AC1D610A}.Debug|Any CPU.Build.0 = Debug|Any CPU
		{5C30EA30-3FEC-406D-8D9F-C876AC1D610A}.Debug|x64.ActiveCfg = Debug|Any CPU
		{5C30EA30-3FEC-406D-8D9F-C876AC1D610A}.Debug|x64.Build.0 = Debug|Any CPU
		{5C30EA30-3FEC-406D-8D9F-C876AC1D610A}.Debug|x86.ActiveCfg = Debug|Any CPU
		{5C30EA30-3FEC-406D-8D9F-C876AC1D610A}.Debug|x86.Build.0 = Debug|Any CPU
		{5C30EA30-3FEC-406D-8D9F-C876AC1D610A}.Release|Any CPU.ActiveCfg = Release|Any CPU
		{5C30EA30-3FEC-406D-8D9F-C876AC1D610A}.Release|Any CPU.Build.0 = Release|Any CPU
		{5C30EA30-3FEC-406D-8D9F-C876AC1D610A}.Release|x64.ActiveCfg = Release|Any CPU
		{5C30EA30-3FEC-406D-8D9F-C876AC1D610A}.Release|x64.Build.0 = Release|Any CPU
		{5C30EA30-3FEC-406D-8D9F-C876AC1D610A}.Release|x86.ActiveCfg = Release|Any CPU
		{5C30EA30-3FEC-406D-8D9F-C876AC1D610A}.Release|x86.Build.0 = Release|Any CPU
		{5DA029FF-9961-484B-A7E8-4CC1B8EA51E5}.Debug|Any CPU.ActiveCfg = Debug|Any CPU
		{5DA029FF-9961-484B-A7E8-4CC1B8EA51E5}.Debug|Any CPU.Build.0 = Debug|Any CPU
		{5DA029FF-9961-484B-A7E8-4CC1B8EA51E5}.Debug|x64.ActiveCfg = Debug|Any CPU
		{5DA029FF-9961-484B-A7E8-4CC1B8EA51E5}.Debug|x64.Build.0 = Debug|Any CPU
		{5DA029FF-9961-484B-A7E8-4CC1B8EA51E5}.Debug|x86.ActiveCfg = Debug|Any CPU
		{5DA029FF-9961-484B-A7E8-4CC1B8EA51E5}.Debug|x86.Build.0 = Debug|Any CPU
		{5DA029FF-9961-484B-A7E8-4CC1B8EA51E5}.Release|Any CPU.ActiveCfg = Release|Any CPU
		{5DA029FF-9961-484B-A7E8-4CC1B8EA51E5}.Release|Any CPU.Build.0 = Release|Any CPU
		{5DA029FF-9961-484B-A7E8-4CC1B8EA51E5}.Release|x64.ActiveCfg = Release|Any CPU
		{5DA029FF-9961-484B-A7E8-4CC1B8EA51E5}.Release|x64.Build.0 = Release|Any CPU
		{5DA029FF-9961-484B-A7E8-4CC1B8EA51E5}.Release|x86.ActiveCfg = Release|Any CPU
		{5DA029FF-9961-484B-A7E8-4CC1B8EA51E5}.Release|x86.Build.0 = Release|Any CPU
	EndGlobalSection
	GlobalSection(SolutionProperties) = preSolution
		HideSolutionNode = FALSE
	EndGlobalSection
	GlobalSection(NestedProjects) = preSolution
		{354A7145-8668-DD59-F36D-62B4A72B34C9} = {2AD82D93-A0AD-9950-90DD-65A3A491D7F2}
		{9B70F642-9E2D-FD5A-1EC5-68B6A6D66730} = {2AD82D93-A0AD-9950-90DD-65A3A491D7F2}
		{6650C358-8F40-4287-826A-D4F818F1DA1D} = {354A7145-8668-DD59-F36D-62B4A72B34C9}
		{5006D525-682A-4FE7-91DD-0082166166FB} = {354A7145-8668-DD59-F36D-62B4A72B34C9}
		{A1ECDFCD-914C-4584-A1F1-63835800E4ED} = {354A7145-8668-DD59-F36D-62B4A72B34C9}
		{B163989C-4FD4-4217-BFBC-3EAF18917A2D} = {354A7145-8668-DD59-F36D-62B4A72B34C9}
		{5F00F10A-8D56-49A1-9E66-339DE2D6E7C3} = {354A7145-8668-DD59-F36D-62B4A72B34C9}
		{FAF19932-5225-4325-8641-4B6B481CB8CE} = {9B70F642-9E2D-FD5A-1EC5-68B6A6D66730}
		{363F4A3F-D937-29FA-E19E-BB459181A6A9} = {2AD82D93-A0AD-9950-90DD-65A3A491D7F2}
		{5C30EA30-3FEC-406D-8D9F-C876AC1D610A} = {363F4A3F-D937-29FA-E19E-BB459181A6A9}
		{4A14561B-808F-4E04-A600-40BD9DD78D0B} = {2AD82D93-A0AD-9950-90DD-65A3A491D7F2}
		{5DA029FF-9961-484B-A7E8-4CC1B8EA51E5} = {4A14561B-808F-4E04-A600-40BD9DD78D0B}
	EndGlobalSection
EndGlobal
